// !$*UTF8*$!
{
	archiveVersion = 1;
	classes = {
	};
	objectVersion = 56;
	objects = {

/* Begin PBXBuildFile section */
		163D39072BA4AAAF00DA89AC /* OAuth2Service.swift in Sources */ = {isa = PBXBuildFile; fileRef = 163D39062BA4AAAF00DA89AC /* OAuth2Service.swift */; };
		167A95432BA5BF0D006F2768 /* OAuthTokenResponseBodyModel.swift in Sources */ = {isa = PBXBuildFile; fileRef = 167A95422BA5BF0D006F2768 /* OAuthTokenResponseBodyModel.swift */; };
		169050812BB8202200CA2E8A /* UIBlockingProgressHUD.swift in Sources */ = {isa = PBXBuildFile; fileRef = 169050802BB8202200CA2E8A /* UIBlockingProgressHUD.swift */; };
		169050832BB821A400CA2E8A /* ProfileResponseBodyModel.swift in Sources */ = {isa = PBXBuildFile; fileRef = 169050822BB821A300CA2E8A /* ProfileResponseBodyModel.swift */; };
		169050892BB826F000CA2E8A /* ProfileService.swift in Sources */ = {isa = PBXBuildFile; fileRef = 169050882BB826F000CA2E8A /* ProfileService.swift */; };
		1690508B2BB9830000CA2E8A /* ProfileModel.swift in Sources */ = {isa = PBXBuildFile; fileRef = 1690508A2BB9830000CA2E8A /* ProfileModel.swift */; };
		169A004A2B78BD4200CCA16D /* ImagesListCell.swift in Sources */ = {isa = PBXBuildFile; fileRef = 169A00492B78BD4200CCA16D /* ImagesListCell.swift */; };
		16B0219C2BE61FC800F0566A /* ProfilePresenter.swift in Sources */ = {isa = PBXBuildFile; fileRef = 16B0219B2BE61FC800F0566A /* ProfilePresenter.swift */; };
		16C1995C2BCB30E7005B20A8 /* PhotoResult+Photo+UrlsResult+IsLiked Models.swift in Sources */ = {isa = PBXBuildFile; fileRef = 16C1995B2BCB30E7005B20A8 /* PhotoResult+Photo+UrlsResult+IsLiked Models.swift */; };
		16C1995E2BCC7900005B20A8 /* ImagesListCellDelegateProtocol.swift in Sources */ = {isa = PBXBuildFile; fileRef = 16C1995D2BCC7900005B20A8 /* ImagesListCellDelegateProtocol.swift */; };
		16C553672B94F64E00172353 /* Constants.swift in Sources */ = {isa = PBXBuildFile; fileRef = 16C553662B94F64E00172353 /* Constants.swift */; };
		16C5536A2B9C5B0200172353 /* AuthViewController.swift in Sources */ = {isa = PBXBuildFile; fileRef = 16C553692B9C5B0200172353 /* AuthViewController.swift */; };
		16C5536C2B9C5BD300172353 /* WebViewViewController.swift in Sources */ = {isa = PBXBuildFile; fileRef = 16C5536B2B9C5BD300172353 /* WebViewViewController.swift */; };
		16D22C442B8257A300099C75 /* SingleImageViewController.swift in Sources */ = {isa = PBXBuildFile; fileRef = 16D22C432B8257A300099C75 /* SingleImageViewController.swift */; };
		16D3FBE32B8108BC00C4F96F /* ProfileViewController.swift in Sources */ = {isa = PBXBuildFile; fileRef = 16D3FBE22B8108BC00C4F96F /* ProfileViewController.swift */; };
		16D922912BBB65DD00147E16 /* ProfileImageService.swift in Sources */ = {isa = PBXBuildFile; fileRef = 16D922902BBB65DD00147E16 /* ProfileImageService.swift */; };
		16D922932BBB670B00147E16 /* ProfileImageModel.swift in Sources */ = {isa = PBXBuildFile; fileRef = 16D922922BBB670B00147E16 /* ProfileImageModel.swift */; };
		16E946CB2BB02BC900E3531B /* SplashViewController.swift in Sources */ = {isa = PBXBuildFile; fileRef = 16E946CA2BB02BC900E3531B /* SplashViewController.swift */; };
		FD011A342BE3E94F00B177C7 /* WebViewPresenterSpy.swift in Sources */ = {isa = PBXBuildFile; fileRef = FD011A332BE3E94E00B177C7 /* WebViewPresenterSpy.swift */; };
		FD0720BD2BC8970A001E6581 /* ImagesListService.swift in Sources */ = {isa = PBXBuildFile; fileRef = FD0720BC2BC8970A001E6581 /* ImagesListService.swift */; };
		FD101E4A2BBF02B2004CB081 /* URL Session + Data.swift in Sources */ = {isa = PBXBuildFile; fileRef = FD101E492BBF02B2004CB081 /* URL Session + Data.swift */; };
		FD36AEBB2B70292300E145AE /* AppDelegate.swift in Sources */ = {isa = PBXBuildFile; fileRef = FD36AEBA2B70292300E145AE /* AppDelegate.swift */; };
		FD36AEBD2B70292300E145AE /* SceneDelegate.swift in Sources */ = {isa = PBXBuildFile; fileRef = FD36AEBC2B70292300E145AE /* SceneDelegate.swift */; };
		FD36AEBF2B70292300E145AE /* ImagesListViewController.swift in Sources */ = {isa = PBXBuildFile; fileRef = FD36AEBE2B70292300E145AE /* ImagesListViewController.swift */; };
		FD36AEC22B70292300E145AE /* Main.storyboard in Resources */ = {isa = PBXBuildFile; fileRef = FD36AEC02B70292300E145AE /* Main.storyboard */; };
		FD36AEC42B70292400E145AE /* Assets.xcassets in Resources */ = {isa = PBXBuildFile; fileRef = FD36AEC32B70292400E145AE /* Assets.xcassets */; };
		FD36AEC72B70292400E145AE /* LaunchScreen.storyboard in Resources */ = {isa = PBXBuildFile; fileRef = FD36AEC52B70292400E145AE /* LaunchScreen.storyboard */; };
		FD37D8772BC34E9200609059 /* Kingfisher in Frameworks */ = {isa = PBXBuildFile; productRef = FD37D8762BC34E9200609059 /* Kingfisher */; };
		FD37D87A2BC34EDD00609059 /* Kingfisher.swift in Sources */ = {isa = PBXBuildFile; fileRef = FD37D8792BC34EDD00609059 /* Kingfisher.swift */; };
		FD37D87D2BC4A3F500609059 /* SwiftKeychainWrapper in Frameworks */ = {isa = PBXBuildFile; productRef = FD37D87C2BC4A3F500609059 /* SwiftKeychainWrapper */; };
		FD5AE80E2BD9BE3A00CE65B9 /* DateFormatters.swift in Sources */ = {isa = PBXBuildFile; fileRef = FD5AE80D2BD9BE3A00CE65B9 /* DateFormatters.swift */; };
		FDA415832BE19019007AFE00 /* WebViewPresenter.swift in Sources */ = {isa = PBXBuildFile; fileRef = FDA415822BE19019007AFE00 /* WebViewPresenter.swift */; };
		FDA415852BE2A5FF007AFE00 /* AuthConfiguration.swift in Sources */ = {isa = PBXBuildFile; fileRef = FDA415842BE2A5FF007AFE00 /* AuthConfiguration.swift */; };
		FDA415872BE2A905007AFE00 /* AuthHelper.swift in Sources */ = {isa = PBXBuildFile; fileRef = FDA415862BE2A905007AFE00 /* AuthHelper.swift */; };
		FDB6E4FA2BE3E11800317591 /* ImageFeedTests.swift in Sources */ = {isa = PBXBuildFile; fileRef = FDB6E4F92BE3E11800317591 /* ImageFeedTests.swift */; };
		FDD4205A2BB4C8B600EBC517 /* ProgressHUD in Frameworks */ = {isa = PBXBuildFile; productRef = FDD420592BB4C8B600EBC517 /* ProgressHUD */; };
		FDED610C2BC73BFD00394A6D /* TabBarController.swift in Sources */ = {isa = PBXBuildFile; fileRef = FDED610B2BC73BFD00394A6D /* TabBarController.swift */; };
/* End PBXBuildFile section */

/* Begin PBXContainerItemProxy section */
		FDB6E4FB2BE3E11800317591 /* PBXContainerItemProxy */ = {
			isa = PBXContainerItemProxy;
			containerPortal = FD36AEAF2B70292300E145AE /* Project object */;
			proxyType = 1;
			remoteGlobalIDString = FD36AEB62B70292300E145AE;
			remoteInfo = ImageFeed;
		};
/* End PBXContainerItemProxy section */

/* Begin PBXFileReference section */
		163D39062BA4AAAF00DA89AC /* OAuth2Service.swift */ = {isa = PBXFileReference; lastKnownFileType = sourcecode.swift; path = OAuth2Service.swift; sourceTree = "<group>"; };
		167A95422BA5BF0D006F2768 /* OAuthTokenResponseBodyModel.swift */ = {isa = PBXFileReference; lastKnownFileType = sourcecode.swift; path = OAuthTokenResponseBodyModel.swift; sourceTree = "<group>"; };
		169050802BB8202200CA2E8A /* UIBlockingProgressHUD.swift */ = {isa = PBXFileReference; lastKnownFileType = sourcecode.swift; path = UIBlockingProgressHUD.swift; sourceTree = "<group>"; };
		169050822BB821A300CA2E8A /* ProfileResponseBodyModel.swift */ = {isa = PBXFileReference; lastKnownFileType = sourcecode.swift; path = ProfileResponseBodyModel.swift; sourceTree = "<group>"; };
		169050882BB826F000CA2E8A /* ProfileService.swift */ = {isa = PBXFileReference; lastKnownFileType = sourcecode.swift; path = ProfileService.swift; sourceTree = "<group>"; };
		1690508A2BB9830000CA2E8A /* ProfileModel.swift */ = {isa = PBXFileReference; lastKnownFileType = sourcecode.swift; path = ProfileModel.swift; sourceTree = "<group>"; };
		169A00492B78BD4200CCA16D /* ImagesListCell.swift */ = {isa = PBXFileReference; lastKnownFileType = sourcecode.swift; path = ImagesListCell.swift; sourceTree = "<group>"; };
		16B0219B2BE61FC800F0566A /* ProfilePresenter.swift */ = {isa = PBXFileReference; lastKnownFileType = sourcecode.swift; path = ProfilePresenter.swift; sourceTree = "<group>"; };
		16C1995B2BCB30E7005B20A8 /* PhotoResult+Photo+UrlsResult+IsLiked Models.swift */ = {isa = PBXFileReference; lastKnownFileType = sourcecode.swift; path = "PhotoResult+Photo+UrlsResult+IsLiked Models.swift"; sourceTree = "<group>"; };
		16C1995D2BCC7900005B20A8 /* ImagesListCellDelegateProtocol.swift */ = {isa = PBXFileReference; lastKnownFileType = sourcecode.swift; path = ImagesListCellDelegateProtocol.swift; sourceTree = "<group>"; };
		16C553662B94F64E00172353 /* Constants.swift */ = {isa = PBXFileReference; lastKnownFileType = sourcecode.swift; path = Constants.swift; sourceTree = "<group>"; };
		16C553692B9C5B0200172353 /* AuthViewController.swift */ = {isa = PBXFileReference; lastKnownFileType = sourcecode.swift; path = AuthViewController.swift; sourceTree = "<group>"; };
		16C5536B2B9C5BD300172353 /* WebViewViewController.swift */ = {isa = PBXFileReference; lastKnownFileType = sourcecode.swift; path = WebViewViewController.swift; sourceTree = "<group>"; };
		16D22C432B8257A300099C75 /* SingleImageViewController.swift */ = {isa = PBXFileReference; lastKnownFileType = sourcecode.swift; path = SingleImageViewController.swift; sourceTree = "<group>"; };
		16D3FBE22B8108BC00C4F96F /* ProfileViewController.swift */ = {isa = PBXFileReference; lastKnownFileType = sourcecode.swift; path = ProfileViewController.swift; sourceTree = "<group>"; };
		16D922902BBB65DD00147E16 /* ProfileImageService.swift */ = {isa = PBXFileReference; lastKnownFileType = sourcecode.swift; path = ProfileImageService.swift; sourceTree = "<group>"; };
		16D922922BBB670B00147E16 /* ProfileImageModel.swift */ = {isa = PBXFileReference; lastKnownFileType = sourcecode.swift; path = ProfileImageModel.swift; sourceTree = "<group>"; };
		16E946CA2BB02BC900E3531B /* SplashViewController.swift */ = {isa = PBXFileReference; lastKnownFileType = sourcecode.swift; path = SplashViewController.swift; sourceTree = "<group>"; };
		FD011A332BE3E94E00B177C7 /* WebViewPresenterSpy.swift */ = {isa = PBXFileReference; lastKnownFileType = sourcecode.swift; path = WebViewPresenterSpy.swift; sourceTree = "<group>"; };
		FD0720BC2BC8970A001E6581 /* ImagesListService.swift */ = {isa = PBXFileReference; lastKnownFileType = sourcecode.swift; path = ImagesListService.swift; sourceTree = "<group>"; };
		FD101E492BBF02B2004CB081 /* URL Session + Data.swift */ = {isa = PBXFileReference; lastKnownFileType = sourcecode.swift; path = "URL Session + Data.swift"; sourceTree = "<group>"; };
		FD36AEB72B70292300E145AE /* ImageFeed.app */ = {isa = PBXFileReference; explicitFileType = wrapper.application; includeInIndex = 0; path = ImageFeed.app; sourceTree = BUILT_PRODUCTS_DIR; };
		FD36AEBA2B70292300E145AE /* AppDelegate.swift */ = {isa = PBXFileReference; lastKnownFileType = sourcecode.swift; path = AppDelegate.swift; sourceTree = "<group>"; };
		FD36AEBC2B70292300E145AE /* SceneDelegate.swift */ = {isa = PBXFileReference; lastKnownFileType = sourcecode.swift; path = SceneDelegate.swift; sourceTree = "<group>"; };
		FD36AEBE2B70292300E145AE /* ImagesListViewController.swift */ = {isa = PBXFileReference; lastKnownFileType = sourcecode.swift; path = ImagesListViewController.swift; sourceTree = "<group>"; };
		FD36AEC12B70292300E145AE /* Base */ = {isa = PBXFileReference; lastKnownFileType = file.storyboard; name = Base; path = Base.lproj/Main.storyboard; sourceTree = "<group>"; };
		FD36AEC32B70292400E145AE /* Assets.xcassets */ = {isa = PBXFileReference; lastKnownFileType = folder.assetcatalog; path = Assets.xcassets; sourceTree = "<group>"; };
		FD36AEC62B70292400E145AE /* Base */ = {isa = PBXFileReference; lastKnownFileType = file.storyboard; name = Base; path = Base.lproj/LaunchScreen.storyboard; sourceTree = "<group>"; };
		FD36AEC82B70292400E145AE /* Info.plist */ = {isa = PBXFileReference; lastKnownFileType = text.plist.xml; path = Info.plist; sourceTree = "<group>"; };
		FD37D8792BC34EDD00609059 /* Kingfisher.swift */ = {isa = PBXFileReference; lastKnownFileType = sourcecode.swift; path = Kingfisher.swift; sourceTree = "<group>"; };
		FD5AE80D2BD9BE3A00CE65B9 /* DateFormatters.swift */ = {isa = PBXFileReference; lastKnownFileType = sourcecode.swift; path = DateFormatters.swift; sourceTree = "<group>"; };
		FDA415822BE19019007AFE00 /* WebViewPresenter.swift */ = {isa = PBXFileReference; lastKnownFileType = sourcecode.swift; path = WebViewPresenter.swift; sourceTree = "<group>"; };
		FDA415842BE2A5FF007AFE00 /* AuthConfiguration.swift */ = {isa = PBXFileReference; lastKnownFileType = sourcecode.swift; path = AuthConfiguration.swift; sourceTree = "<group>"; };
		FDA415862BE2A905007AFE00 /* AuthHelper.swift */ = {isa = PBXFileReference; lastKnownFileType = sourcecode.swift; path = AuthHelper.swift; sourceTree = "<group>"; };
		FDB6E4F72BE3E11800317591 /* ImageFeedTests.xctest */ = {isa = PBXFileReference; explicitFileType = wrapper.cfbundle; includeInIndex = 0; path = ImageFeedTests.xctest; sourceTree = BUILT_PRODUCTS_DIR; };
		FDB6E4F92BE3E11800317591 /* ImageFeedTests.swift */ = {isa = PBXFileReference; lastKnownFileType = sourcecode.swift; path = ImageFeedTests.swift; sourceTree = "<group>"; };
		FDB6E5002BE3E24600317591 /* TestPlan.xctestplan */ = {isa = PBXFileReference; lastKnownFileType = text; path = TestPlan.xctestplan; sourceTree = "<group>"; };
		FDED610B2BC73BFD00394A6D /* TabBarController.swift */ = {isa = PBXFileReference; lastKnownFileType = sourcecode.swift; path = TabBarController.swift; sourceTree = "<group>"; };
/* End PBXFileReference section */

/* Begin PBXFrameworksBuildPhase section */
		FD36AEB42B70292300E145AE /* Frameworks */ = {
			isa = PBXFrameworksBuildPhase;
			buildActionMask = 2147483647;
			files = (
				FD37D8772BC34E9200609059 /* Kingfisher in Frameworks */,
				FDD4205A2BB4C8B600EBC517 /* ProgressHUD in Frameworks */,
				FD37D87D2BC4A3F500609059 /* SwiftKeychainWrapper in Frameworks */,
			);
			runOnlyForDeploymentPostprocessing = 0;
		};
		FDB6E4F42BE3E11800317591 /* Frameworks */ = {
			isa = PBXFrameworksBuildPhase;
			buildActionMask = 2147483647;
			files = (
			);
			runOnlyForDeploymentPostprocessing = 0;
		};
/* End PBXFrameworksBuildPhase section */

/* Begin PBXGroup section */
		169A004B2B78BD7B00CCA16D /* ImagesList */ = {
			isa = PBXGroup;
			children = (
				FD36AEBE2B70292300E145AE /* ImagesListViewController.swift */,
				169A00492B78BD4200CCA16D /* ImagesListCell.swift */,
			);
			path = ImagesList;
			sourceTree = "<group>";
		};
		16C5536F2B9CA36600172353 /* Protocols+Models */ = {
			isa = PBXGroup;
			children = (
				16C1995B2BCB30E7005B20A8 /* PhotoResult+Photo+UrlsResult+IsLiked Models.swift */,
				16C1995D2BCC7900005B20A8 /* ImagesListCellDelegateProtocol.swift */,
			);
			path = "Protocols+Models";
			sourceTree = "<group>";
		};
		FD011A352BE58FC700B177C7 /* Profile */ = {
			isa = PBXGroup;
			children = (
				16D3FBE22B8108BC00C4F96F /* ProfileViewController.swift */,
				16B0219B2BE61FC800F0566A /* ProfilePresenter.swift */,
				1690508A2BB9830000CA2E8A /* ProfileModel.swift */,
				16D922922BBB670B00147E16 /* ProfileImageModel.swift */,
				169050822BB821A300CA2E8A /* ProfileResponseBodyModel.swift */,
			);
			path = Profile;
			sourceTree = "<group>";
		};
		FD101E4B2BBF0305004CB081 /* Services */ = {
			isa = PBXGroup;
			children = (
				FD101E492BBF02B2004CB081 /* URL Session + Data.swift */,
				163D39062BA4AAAF00DA89AC /* OAuth2Service.swift */,
				169050882BB826F000CA2E8A /* ProfileService.swift */,
				16D922902BBB65DD00147E16 /* ProfileImageService.swift */,
				FD0720BC2BC8970A001E6581 /* ImagesListService.swift */,
				FDED610E2BC75E5900394A6D /* ExternalLibraries */,
			);
			path = Services;
			sourceTree = "<group>";
		};
		FD36AEAE2B70292300E145AE = {
			isa = PBXGroup;
			children = (
				FDB6E5002BE3E24600317591 /* TestPlan.xctestplan */,
				FD36AEB92B70292300E145AE /* ImageFeed */,
				FDB6E4F82BE3E11800317591 /* ImageFeedTests */,
				FD36AEB82B70292300E145AE /* Products */,
			);
			sourceTree = "<group>";
		};
		FD36AEB82B70292300E145AE /* Products */ = {
			isa = PBXGroup;
			children = (
				FD36AEB72B70292300E145AE /* ImageFeed.app */,
				FDB6E4F72BE3E11800317591 /* ImageFeedTests.xctest */,
			);
			name = Products;
			sourceTree = "<group>";
		};
		FD36AEB92B70292300E145AE /* ImageFeed */ = {
			isa = PBXGroup;
			children = (
				FD36AEBA2B70292300E145AE /* AppDelegate.swift */,
				FD36AEBC2B70292300E145AE /* SceneDelegate.swift */,
				16C553662B94F64E00172353 /* Constants.swift */,
				FD5AE80D2BD9BE3A00CE65B9 /* DateFormatters.swift */,
				FD011A352BE58FC700B177C7 /* Profile */,
				FDA415812BE18DEC007AFE00 /* Auth */,
				16C5536F2B9CA36600172353 /* Protocols+Models */,
				FDED610D2BC74E5400394A6D /* ViewControllers */,
				FD101E4B2BBF0305004CB081 /* Services */,
				FD36AEC52B70292400E145AE /* LaunchScreen.storyboard */,
				FD36AEC02B70292300E145AE /* Main.storyboard */,
				FD36AEC32B70292400E145AE /* Assets.xcassets */,
				FD36AEC82B70292400E145AE /* Info.plist */,
			);
			path = ImageFeed;
			sourceTree = "<group>";
		};
		FDA415812BE18DEC007AFE00 /* Auth */ = {
			isa = PBXGroup;
			children = (
				16C5536B2B9C5BD300172353 /* WebViewViewController.swift */,
				FDA415822BE19019007AFE00 /* WebViewPresenter.swift */,
				16C553692B9C5B0200172353 /* AuthViewController.swift */,
				FDA415842BE2A5FF007AFE00 /* AuthConfiguration.swift */,
				FDA415862BE2A905007AFE00 /* AuthHelper.swift */,
				167A95422BA5BF0D006F2768 /* OAuthTokenResponseBodyModel.swift */,
			);
			path = Auth;
			sourceTree = "<group>";
		};
		FDB6E4F82BE3E11800317591 /* ImageFeedTests */ = {
			isa = PBXGroup;
			children = (
				FDB6E4F92BE3E11800317591 /* ImageFeedTests.swift */,
				FD011A332BE3E94E00B177C7 /* WebViewPresenterSpy.swift */,
			);
			path = ImageFeedTests;
			sourceTree = "<group>";
		};
		FDED610D2BC74E5400394A6D /* ViewControllers */ = {
			isa = PBXGroup;
			children = (
				FDED610B2BC73BFD00394A6D /* TabBarController.swift */,
				16E946CA2BB02BC900E3531B /* SplashViewController.swift */,
				16D22C432B8257A300099C75 /* SingleImageViewController.swift */,
				169A004B2B78BD7B00CCA16D /* ImagesList */,
			);
			path = ViewControllers;
			sourceTree = "<group>";
		};
		FDED610E2BC75E5900394A6D /* ExternalLibraries */ = {
			isa = PBXGroup;
			children = (
				169050802BB8202200CA2E8A /* UIBlockingProgressHUD.swift */,
				FD37D8792BC34EDD00609059 /* Kingfisher.swift */,
			);
			path = ExternalLibraries;
			sourceTree = "<group>";
		};
/* End PBXGroup section */

/* Begin PBXNativeTarget section */
		FD36AEB62B70292300E145AE /* ImageFeed */ = {
			isa = PBXNativeTarget;
			buildConfigurationList = FD36AECB2B70292400E145AE /* Build configuration list for PBXNativeTarget "ImageFeed" */;
			buildPhases = (
				FD36AEB32B70292300E145AE /* Sources */,
				FD36AEB42B70292300E145AE /* Frameworks */,
				FD36AEB52B70292300E145AE /* Resources */,
			);
			buildRules = (
			);
			dependencies = (
			);
			name = ImageFeed;
			packageProductDependencies = (
				FDD420592BB4C8B600EBC517 /* ProgressHUD */,
				FD37D8762BC34E9200609059 /* Kingfisher */,
				FD37D87C2BC4A3F500609059 /* SwiftKeychainWrapper */,
			);
			productName = ImageFeed;
			productReference = FD36AEB72B70292300E145AE /* ImageFeed.app */;
			productType = "com.apple.product-type.application";
		};
		FDB6E4F62BE3E11800317591 /* ImageFeedTests */ = {
			isa = PBXNativeTarget;
			buildConfigurationList = FDB6E4FF2BE3E11800317591 /* Build configuration list for PBXNativeTarget "ImageFeedTests" */;
			buildPhases = (
				FDB6E4F32BE3E11800317591 /* Sources */,
				FDB6E4F42BE3E11800317591 /* Frameworks */,
				FDB6E4F52BE3E11800317591 /* Resources */,
			);
			buildRules = (
			);
			dependencies = (
				FDB6E4FC2BE3E11800317591 /* PBXTargetDependency */,
			);
			name = ImageFeedTests;
			productName = ImageFeedTests;
			productReference = FDB6E4F72BE3E11800317591 /* ImageFeedTests.xctest */;
			productType = "com.apple.product-type.bundle.unit-test";
		};
/* End PBXNativeTarget section */

/* Begin PBXProject section */
		FD36AEAF2B70292300E145AE /* Project object */ = {
			isa = PBXProject;
			attributes = {
				BuildIndependentTargetsInParallel = 1;
				LastSwiftUpdateCheck = 1500;
				LastUpgradeCheck = 1500;
				TargetAttributes = {
					FD36AEB62B70292300E145AE = {
						CreatedOnToolsVersion = 15.0;
					};
					FDB6E4F62BE3E11800317591 = {
						CreatedOnToolsVersion = 15.0;
						TestTargetID = FD36AEB62B70292300E145AE;
					};
				};
			};
			buildConfigurationList = FD36AEB22B70292300E145AE /* Build configuration list for PBXProject "ImageFeed" */;
			compatibilityVersion = "Xcode 14.0";
			developmentRegion = en;
			hasScannedForEncodings = 0;
			knownRegions = (
				en,
				Base,
			);
			mainGroup = FD36AEAE2B70292300E145AE;
			packageReferences = (
				FDD420582BB4C8B500EBC517 /* XCRemoteSwiftPackageReference "ProgressHUD" */,
				FD37D8752BC34E9200609059 /* XCRemoteSwiftPackageReference "Kingfisher" */,
				FD37D87B2BC4A3F500609059 /* XCRemoteSwiftPackageReference "SwiftKeychainWrapper" */,
			);
			productRefGroup = FD36AEB82B70292300E145AE /* Products */;
			projectDirPath = "";
			projectRoot = "";
			targets = (
				FD36AEB62B70292300E145AE /* ImageFeed */,
				FDB6E4F62BE3E11800317591 /* ImageFeedTests */,
			);
		};
/* End PBXProject section */

/* Begin PBXResourcesBuildPhase section */
		FD36AEB52B70292300E145AE /* Resources */ = {
			isa = PBXResourcesBuildPhase;
			buildActionMask = 2147483647;
			files = (
				FD36AEC72B70292400E145AE /* LaunchScreen.storyboard in Resources */,
				FD36AEC42B70292400E145AE /* Assets.xcassets in Resources */,
				FD36AEC22B70292300E145AE /* Main.storyboard in Resources */,
			);
			runOnlyForDeploymentPostprocessing = 0;
		};
		FDB6E4F52BE3E11800317591 /* Resources */ = {
			isa = PBXResourcesBuildPhase;
			buildActionMask = 2147483647;
			files = (
			);
			runOnlyForDeploymentPostprocessing = 0;
		};
/* End PBXResourcesBuildPhase section */

/* Begin PBXSourcesBuildPhase section */
		FD36AEB32B70292300E145AE /* Sources */ = {
			isa = PBXSourcesBuildPhase;
			buildActionMask = 2147483647;
			files = (
				FD36AEBF2B70292300E145AE /* ImagesListViewController.swift in Sources */,
				16B0219C2BE61FC800F0566A /* ProfilePresenter.swift in Sources */,
				FDA415832BE19019007AFE00 /* WebViewPresenter.swift in Sources */,
				16D922932BBB670B00147E16 /* ProfileImageModel.swift in Sources */,
				169050812BB8202200CA2E8A /* UIBlockingProgressHUD.swift in Sources */,
				1690508B2BB9830000CA2E8A /* ProfileModel.swift in Sources */,
				169A004A2B78BD4200CCA16D /* ImagesListCell.swift in Sources */,
				16D3FBE32B8108BC00C4F96F /* ProfileViewController.swift in Sources */,
				163D39072BA4AAAF00DA89AC /* OAuth2Service.swift in Sources */,
				FDED610C2BC73BFD00394A6D /* TabBarController.swift in Sources */,
				169050832BB821A400CA2E8A /* ProfileResponseBodyModel.swift in Sources */,
				167A95432BA5BF0D006F2768 /* OAuthTokenResponseBodyModel.swift in Sources */,
				16C1995E2BCC7900005B20A8 /* ImagesListCellDelegateProtocol.swift in Sources */,
				FD5AE80E2BD9BE3A00CE65B9 /* DateFormatters.swift in Sources */,
				FD36AEBB2B70292300E145AE /* AppDelegate.swift in Sources */,
				FD0720BD2BC8970A001E6581 /* ImagesListService.swift in Sources */,
				16C1995C2BCB30E7005B20A8 /* PhotoResult+Photo+UrlsResult+IsLiked Models.swift in Sources */,
				169050892BB826F000CA2E8A /* ProfileService.swift in Sources */,
				16E946CB2BB02BC900E3531B /* SplashViewController.swift in Sources */,
				FD101E4A2BBF02B2004CB081 /* URL Session + Data.swift in Sources */,
				16C5536A2B9C5B0200172353 /* AuthViewController.swift in Sources */,
				16C553672B94F64E00172353 /* Constants.swift in Sources */,
				FDA415872BE2A905007AFE00 /* AuthHelper.swift in Sources */,
				FDA415852BE2A5FF007AFE00 /* AuthConfiguration.swift in Sources */,
				16D22C442B8257A300099C75 /* SingleImageViewController.swift in Sources */,
				16D922912BBB65DD00147E16 /* ProfileImageService.swift in Sources */,
				16C5536C2B9C5BD300172353 /* WebViewViewController.swift in Sources */,
				FD37D87A2BC34EDD00609059 /* Kingfisher.swift in Sources */,
				FD36AEBD2B70292300E145AE /* SceneDelegate.swift in Sources */,
			);
			runOnlyForDeploymentPostprocessing = 0;
		};
		FDB6E4F32BE3E11800317591 /* Sources */ = {
			isa = PBXSourcesBuildPhase;
			buildActionMask = 2147483647;
			files = (
				FDB6E4FA2BE3E11800317591 /* ImageFeedTests.swift in Sources */,
				FD011A342BE3E94F00B177C7 /* WebViewPresenterSpy.swift in Sources */,
			);
			runOnlyForDeploymentPostprocessing = 0;
		};
/* End PBXSourcesBuildPhase section */

/* Begin PBXTargetDependency section */
		FDB6E4FC2BE3E11800317591 /* PBXTargetDependency */ = {
			isa = PBXTargetDependency;
			target = FD36AEB62B70292300E145AE /* ImageFeed */;
			targetProxy = FDB6E4FB2BE3E11800317591 /* PBXContainerItemProxy */;
		};
/* End PBXTargetDependency section */

/* Begin PBXVariantGroup section */
		FD36AEC02B70292300E145AE /* Main.storyboard */ = {
			isa = PBXVariantGroup;
			children = (
				FD36AEC12B70292300E145AE /* Base */,
			);
			name = Main.storyboard;
			sourceTree = "<group>";
		};
		FD36AEC52B70292400E145AE /* LaunchScreen.storyboard */ = {
			isa = PBXVariantGroup;
			children = (
				FD36AEC62B70292400E145AE /* Base */,
			);
			name = LaunchScreen.storyboard;
			sourceTree = "<group>";
		};
/* End PBXVariantGroup section */

/* Begin XCBuildConfiguration section */
		FD36AEC92B70292400E145AE /* Debug */ = {
			isa = XCBuildConfiguration;
			buildSettings = {
				ALWAYS_SEARCH_USER_PATHS = NO;
				ASSETCATALOG_COMPILER_GENERATE_SWIFT_ASSET_SYMBOL_EXTENSIONS = YES;
				CLANG_ANALYZER_NONNULL = YES;
				CLANG_ANALYZER_NUMBER_OBJECT_CONVERSION = YES_AGGRESSIVE;
				CLANG_CXX_LANGUAGE_STANDARD = "gnu++20";
				CLANG_ENABLE_MODULES = YES;
				CLANG_ENABLE_OBJC_ARC = YES;
				CLANG_ENABLE_OBJC_WEAK = YES;
				CLANG_WARN_BLOCK_CAPTURE_AUTORELEASING = YES;
				CLANG_WARN_BOOL_CONVERSION = YES;
				CLANG_WARN_COMMA = YES;
				CLANG_WARN_CONSTANT_CONVERSION = YES;
				CLANG_WARN_DEPRECATED_OBJC_IMPLEMENTATIONS = YES;
				CLANG_WARN_DIRECT_OBJC_ISA_USAGE = YES_ERROR;
				CLANG_WARN_DOCUMENTATION_COMMENTS = YES;
				CLANG_WARN_EMPTY_BODY = YES;
				CLANG_WARN_ENUM_CONVERSION = YES;
				CLANG_WARN_INFINITE_RECURSION = YES;
				CLANG_WARN_INT_CONVERSION = YES;
				CLANG_WARN_NON_LITERAL_NULL_CONVERSION = YES;
				CLANG_WARN_OBJC_IMPLICIT_RETAIN_SELF = YES;
				CLANG_WARN_OBJC_LITERAL_CONVERSION = YES;
				CLANG_WARN_OBJC_ROOT_CLASS = YES_ERROR;
				CLANG_WARN_QUOTED_INCLUDE_IN_FRAMEWORK_HEADER = YES;
				CLANG_WARN_RANGE_LOOP_ANALYSIS = YES;
				CLANG_WARN_STRICT_PROTOTYPES = YES;
				CLANG_WARN_SUSPICIOUS_MOVE = YES;
				CLANG_WARN_UNGUARDED_AVAILABILITY = YES_AGGRESSIVE;
				CLANG_WARN_UNREACHABLE_CODE = YES;
				CLANG_WARN__DUPLICATE_METHOD_MATCH = YES;
				COPY_PHASE_STRIP = NO;
				DEBUG_INFORMATION_FORMAT = dwarf;
				ENABLE_STRICT_OBJC_MSGSEND = YES;
				ENABLE_TESTABILITY = YES;
				ENABLE_USER_SCRIPT_SANDBOXING = YES;
				GCC_C_LANGUAGE_STANDARD = gnu17;
				GCC_DYNAMIC_NO_PIC = NO;
				GCC_NO_COMMON_BLOCKS = YES;
				GCC_OPTIMIZATION_LEVEL = 0;
				GCC_PREPROCESSOR_DEFINITIONS = (
					"DEBUG=1",
					"$(inherited)",
				);
				GCC_WARN_64_TO_32_BIT_CONVERSION = YES;
				GCC_WARN_ABOUT_RETURN_TYPE = YES_ERROR;
				GCC_WARN_UNDECLARED_SELECTOR = YES;
				GCC_WARN_UNINITIALIZED_AUTOS = YES_AGGRESSIVE;
				GCC_WARN_UNUSED_FUNCTION = YES;
				GCC_WARN_UNUSED_VARIABLE = YES;
				IPHONEOS_DEPLOYMENT_TARGET = 13.0;
				LOCALIZATION_PREFERS_STRING_CATALOGS = YES;
				MTL_ENABLE_DEBUG_INFO = INCLUDE_SOURCE;
				MTL_FAST_MATH = YES;
				ONLY_ACTIVE_ARCH = YES;
				SDKROOT = iphoneos;
				SWIFT_ACTIVE_COMPILATION_CONDITIONS = "DEBUG $(inherited)";
				SWIFT_OPTIMIZATION_LEVEL = "-Onone";
			};
			name = Debug;
		};
		FD36AECA2B70292400E145AE /* Release */ = {
			isa = XCBuildConfiguration;
			buildSettings = {
				ALWAYS_SEARCH_USER_PATHS = NO;
				ASSETCATALOG_COMPILER_GENERATE_SWIFT_ASSET_SYMBOL_EXTENSIONS = YES;
				CLANG_ANALYZER_NONNULL = YES;
				CLANG_ANALYZER_NUMBER_OBJECT_CONVERSION = YES_AGGRESSIVE;
				CLANG_CXX_LANGUAGE_STANDARD = "gnu++20";
				CLANG_ENABLE_MODULES = YES;
				CLANG_ENABLE_OBJC_ARC = YES;
				CLANG_ENABLE_OBJC_WEAK = YES;
				CLANG_WARN_BLOCK_CAPTURE_AUTORELEASING = YES;
				CLANG_WARN_BOOL_CONVERSION = YES;
				CLANG_WARN_COMMA = YES;
				CLANG_WARN_CONSTANT_CONVERSION = YES;
				CLANG_WARN_DEPRECATED_OBJC_IMPLEMENTATIONS = YES;
				CLANG_WARN_DIRECT_OBJC_ISA_USAGE = YES_ERROR;
				CLANG_WARN_DOCUMENTATION_COMMENTS = YES;
				CLANG_WARN_EMPTY_BODY = YES;
				CLANG_WARN_ENUM_CONVERSION = YES;
				CLANG_WARN_INFINITE_RECURSION = YES;
				CLANG_WARN_INT_CONVERSION = YES;
				CLANG_WARN_NON_LITERAL_NULL_CONVERSION = YES;
				CLANG_WARN_OBJC_IMPLICIT_RETAIN_SELF = YES;
				CLANG_WARN_OBJC_LITERAL_CONVERSION = YES;
				CLANG_WARN_OBJC_ROOT_CLASS = YES_ERROR;
				CLANG_WARN_QUOTED_INCLUDE_IN_FRAMEWORK_HEADER = YES;
				CLANG_WARN_RANGE_LOOP_ANALYSIS = YES;
				CLANG_WARN_STRICT_PROTOTYPES = YES;
				CLANG_WARN_SUSPICIOUS_MOVE = YES;
				CLANG_WARN_UNGUARDED_AVAILABILITY = YES_AGGRESSIVE;
				CLANG_WARN_UNREACHABLE_CODE = YES;
				CLANG_WARN__DUPLICATE_METHOD_MATCH = YES;
				COPY_PHASE_STRIP = NO;
				DEBUG_INFORMATION_FORMAT = "dwarf-with-dsym";
				ENABLE_NS_ASSERTIONS = NO;
				ENABLE_STRICT_OBJC_MSGSEND = YES;
				ENABLE_USER_SCRIPT_SANDBOXING = YES;
				GCC_C_LANGUAGE_STANDARD = gnu17;
				GCC_NO_COMMON_BLOCKS = YES;
				GCC_WARN_64_TO_32_BIT_CONVERSION = YES;
				GCC_WARN_ABOUT_RETURN_TYPE = YES_ERROR;
				GCC_WARN_UNDECLARED_SELECTOR = YES;
				GCC_WARN_UNINITIALIZED_AUTOS = YES_AGGRESSIVE;
				GCC_WARN_UNUSED_FUNCTION = YES;
				GCC_WARN_UNUSED_VARIABLE = YES;
				IPHONEOS_DEPLOYMENT_TARGET = 13.0;
				LOCALIZATION_PREFERS_STRING_CATALOGS = YES;
				MTL_ENABLE_DEBUG_INFO = NO;
				MTL_FAST_MATH = YES;
				SDKROOT = iphoneos;
				SWIFT_COMPILATION_MODE = wholemodule;
				VALIDATE_PRODUCT = YES;
			};
			name = Release;
		};
		FD36AECC2B70292400E145AE /* Debug */ = {
			isa = XCBuildConfiguration;
			buildSettings = {
				ASSETCATALOG_COMPILER_APPICON_NAME = AppIcon;
				ASSETCATALOG_COMPILER_GLOBAL_ACCENT_COLOR_NAME = AccentColor;
				CODE_SIGN_STYLE = Automatic;
				CURRENT_PROJECT_VERSION = 1;
				DEVELOPMENT_TEAM = BM4848JBAW;
				GENERATE_INFOPLIST_FILE = YES;
				INFOPLIST_FILE = ImageFeed/Info.plist;
				INFOPLIST_KEY_UIApplicationSupportsIndirectInputEvents = YES;
				INFOPLIST_KEY_UILaunchStoryboardName = LaunchScreen;
				INFOPLIST_KEY_UIMainStoryboardFile = Main;
				INFOPLIST_KEY_UISupportedInterfaceOrientations = UIInterfaceOrientationPortrait;
				INFOPLIST_KEY_UISupportedInterfaceOrientations_iPad = "UIInterfaceOrientationLandscapeLeft UIInterfaceOrientationLandscapeRight UIInterfaceOrientationPortrait UIInterfaceOrientationPortraitUpsideDown";
				IPHONEOS_DEPLOYMENT_TARGET = 13;
				LD_RUNPATH_SEARCH_PATHS = (
					"$(inherited)",
					"@executable_path/Frameworks",
				);
				MARKETING_VERSION = 1.0;
				PRODUCT_BUNDLE_IDENTIFIER = dreamlogin.ImageFeed;
				PRODUCT_NAME = "$(TARGET_NAME)";
				SUPPORTED_PLATFORMS = "iphoneos iphonesimulator";
				SUPPORTS_MACCATALYST = NO;
				SUPPORTS_MAC_DESIGNED_FOR_IPHONE_IPAD = NO;
				SWIFT_EMIT_LOC_STRINGS = YES;
				SWIFT_VERSION = 5.0;
				TARGETED_DEVICE_FAMILY = 1;
			};
			name = Debug;
		};
		FD36AECD2B70292400E145AE /* Release */ = {
			isa = XCBuildConfiguration;
			buildSettings = {
				ASSETCATALOG_COMPILER_APPICON_NAME = AppIcon;
				ASSETCATALOG_COMPILER_GLOBAL_ACCENT_COLOR_NAME = AccentColor;
				CODE_SIGN_STYLE = Automatic;
				CURRENT_PROJECT_VERSION = 1;
				DEVELOPMENT_TEAM = BM4848JBAW;
				GENERATE_INFOPLIST_FILE = YES;
				INFOPLIST_FILE = ImageFeed/Info.plist;
				INFOPLIST_KEY_UIApplicationSupportsIndirectInputEvents = YES;
				INFOPLIST_KEY_UILaunchStoryboardName = LaunchScreen;
				INFOPLIST_KEY_UIMainStoryboardFile = Main;
				INFOPLIST_KEY_UISupportedInterfaceOrientations = UIInterfaceOrientationPortrait;
				INFOPLIST_KEY_UISupportedInterfaceOrientations_iPad = "UIInterfaceOrientationLandscapeLeft UIInterfaceOrientationLandscapeRight UIInterfaceOrientationPortrait UIInterfaceOrientationPortraitUpsideDown";
				IPHONEOS_DEPLOYMENT_TARGET = 13;
				LD_RUNPATH_SEARCH_PATHS = (
					"$(inherited)",
					"@executable_path/Frameworks",
				);
				MARKETING_VERSION = 1.0;
				PRODUCT_BUNDLE_IDENTIFIER = dreamlogin.ImageFeed;
				PRODUCT_NAME = "$(TARGET_NAME)";
				SUPPORTED_PLATFORMS = "iphoneos iphonesimulator";
				SUPPORTS_MACCATALYST = NO;
				SUPPORTS_MAC_DESIGNED_FOR_IPHONE_IPAD = NO;
				SWIFT_EMIT_LOC_STRINGS = YES;
				SWIFT_VERSION = 5.0;
				TARGETED_DEVICE_FAMILY = 1;
			};
			name = Release;
		};
		FDB6E4FD2BE3E11800317591 /* Debug */ = {
			isa = XCBuildConfiguration;
			buildSettings = {
				BUNDLE_LOADER = "$(TEST_HOST)";
				CODE_SIGN_STYLE = Automatic;
				CURRENT_PROJECT_VERSION = 1;
				DEVELOPMENT_TEAM = BM4848JBAW;
				GENERATE_INFOPLIST_FILE = YES;
				IPHONEOS_DEPLOYMENT_TARGET = 17.0;
				MARKETING_VERSION = 1.0;
				PRODUCT_BUNDLE_IDENTIFIER = dreamlogin.ImageFeedTests;
				PRODUCT_NAME = "$(TARGET_NAME)";
				SWIFT_EMIT_LOC_STRINGS = NO;
				SWIFT_VERSION = 5.0;
				TARGETED_DEVICE_FAMILY = "1,2";
				TEST_HOST = "$(BUILT_PRODUCTS_DIR)/ImageFeed.app/$(BUNDLE_EXECUTABLE_FOLDER_PATH)/ImageFeed";
			};
			name = Debug;
		};
		FDB6E4FE2BE3E11800317591 /* Release */ = {
			isa = XCBuildConfiguration;
			buildSettings = {
				BUNDLE_LOADER = "$(TEST_HOST)";
				CODE_SIGN_STYLE = Automatic;
				CURRENT_PROJECT_VERSION = 1;
				DEVELOPMENT_TEAM = BM4848JBAW;
				GENERATE_INFOPLIST_FILE = YES;
				IPHONEOS_DEPLOYMENT_TARGET = 17.0;
				MARKETING_VERSION = 1.0;
				PRODUCT_BUNDLE_IDENTIFIER = dreamlogin.ImageFeedTests;
				PRODUCT_NAME = "$(TARGET_NAME)";
				SWIFT_EMIT_LOC_STRINGS = NO;
				SWIFT_VERSION = 5.0;
				TARGETED_DEVICE_FAMILY = "1,2";
				TEST_HOST = "$(BUILT_PRODUCTS_DIR)/ImageFeed.app/$(BUNDLE_EXECUTABLE_FOLDER_PATH)/ImageFeed";
			};
			name = Release;
		};
/* End XCBuildConfiguration section */

/* Begin XCConfigurationList section */
		FD36AEB22B70292300E145AE /* Build configuration list for PBXProject "ImageFeed" */ = {
			isa = XCConfigurationList;
			buildConfigurations = (
				FD36AEC92B70292400E145AE /* Debug */,
				FD36AECA2B70292400E145AE /* Release */,
			);
			defaultConfigurationIsVisible = 0;
			defaultConfigurationName = Release;
		};
		FD36AECB2B70292400E145AE /* Build configuration list for PBXNativeTarget "ImageFeed" */ = {
			isa = XCConfigurationList;
			buildConfigurations = (
				FD36AECC2B70292400E145AE /* Debug */,
				FD36AECD2B70292400E145AE /* Release */,
			);
			defaultConfigurationIsVisible = 0;
			defaultConfigurationName = Release;
		};
		FDB6E4FF2BE3E11800317591 /* Build configuration list for PBXNativeTarget "ImageFeedTests" */ = {
			isa = XCConfigurationList;
			buildConfigurations = (
				FDB6E4FD2BE3E11800317591 /* Debug */,
				FDB6E4FE2BE3E11800317591 /* Release */,
			);
			defaultConfigurationIsVisible = 0;
			defaultConfigurationName = Release;
		};
/* End XCConfigurationList section */

/* Begin XCRemoteSwiftPackageReference section */
		FD37D8752BC34E9200609059 /* XCRemoteSwiftPackageReference "Kingfisher" */ = {
			isa = XCRemoteSwiftPackageReference;
			repositoryURL = "https://github.com/onevcat/Kingfisher.git";
			requirement = {
				kind = upToNextMajorVersion;
				minimumVersion = 7.11.0;
			};
		};
		FD37D87B2BC4A3F500609059 /* XCRemoteSwiftPackageReference "SwiftKeychainWrapper" */ = {
			isa = XCRemoteSwiftPackageReference;
			repositoryURL = "https://github.com/jrendel/SwiftKeychainWrapper";
			requirement = {
				kind = upToNextMajorVersion;
				minimumVersion = 4.0.1;
			};
		};
		FDD420582BB4C8B500EBC517 /* XCRemoteSwiftPackageReference "ProgressHUD" */ = {
			isa = XCRemoteSwiftPackageReference;
			repositoryURL = "https://github.com/relatedcode/ProgressHUD";
			requirement = {
				kind = exactVersion;
				version = 14.1.1;
			};
		};
/* End XCRemoteSwiftPackageReference section */

/* Begin XCSwiftPackageProductDependency section */
		FD37D8762BC34E9200609059 /* Kingfisher */ = {
			isa = XCSwiftPackageProductDependency;
			package = FD37D8752BC34E9200609059 /* XCRemoteSwiftPackageReference "Kingfisher" */;
			productName = Kingfisher;
		};
		FD37D87C2BC4A3F500609059 /* SwiftKeychainWrapper */ = {
			isa = XCSwiftPackageProductDependency;
			package = FD37D87B2BC4A3F500609059 /* XCRemoteSwiftPackageReference "SwiftKeychainWrapper" */;
			productName = SwiftKeychainWrapper;
		};
		FDD420592BB4C8B600EBC517 /* ProgressHUD */ = {
			isa = XCSwiftPackageProductDependency;
			package = FDD420582BB4C8B500EBC517 /* XCRemoteSwiftPackageReference "ProgressHUD" */;
			productName = ProgressHUD;
		};
/* End XCSwiftPackageProductDependency section */
	};
	rootObject = FD36AEAF2B70292300E145AE /* Project object */;
}
